// !$*UTF8*$!
{
	archiveVersion = 1;
	classes = {
	};
	objectVersion = 56;
	objects = {

/* Begin PBXBuildFile section */
		5D32D03A0570C24654540739 /* Pods_PithTVTests.framework in Frameworks */ = {isa = PBXBuildFile; fileRef = DD5510FA77A3BD07C6725ECD /* Pods_PithTVTests.framework */; };
		6D6FABB3572E52824D6DA65F /* Pods_PithTV.framework in Frameworks */ = {isa = PBXBuildFile; fileRef = D7A230DC02DB9BFC1801D915 /* Pods_PithTV.framework */; };
		7F254185291ED4E000A8EFBB /* BonjourResolver.swift in Sources */ = {isa = PBXBuildFile; fileRef = 7F254184291ED4E000A8EFBB /* BonjourResolver.swift */; };
		7F254187291EDBD500A8EFBB /* ChannelBrowser.swift in Sources */ = {isa = PBXBuildFile; fileRef = 7F254186291EDBD500A8EFBB /* ChannelBrowser.swift */; };
		7F254189291EE70800A8EFBB /* ChannelItemDetails.swift in Sources */ = {isa = PBXBuildFile; fileRef = 7F254188291EE70800A8EFBB /* ChannelItemDetails.swift */; };
		7F358E6B2914171B0099FD1A /* PithTVApp.swift in Sources */ = {isa = PBXBuildFile; fileRef = 7F358E6A2914171B0099FD1A /* PithTVApp.swift */; };
		7F358E6D2914171B0099FD1A /* ContentView.swift in Sources */ = {isa = PBXBuildFile; fileRef = 7F358E6C2914171B0099FD1A /* ContentView.swift */; };
		7F358E6F2914171C0099FD1A /* Assets.xcassets in Resources */ = {isa = PBXBuildFile; fileRef = 7F358E6E2914171C0099FD1A /* Assets.xcassets */; };
		7F358E722914171C0099FD1A /* Preview Assets.xcassets in Resources */ = {isa = PBXBuildFile; fileRef = 7F358E712914171C0099FD1A /* Preview Assets.xcassets */; };
		7F358E7C2914171D0099FD1A /* PithTVTests.swift in Sources */ = {isa = PBXBuildFile; fileRef = 7F358E7B2914171D0099FD1A /* PithTVTests.swift */; };
		7F358E862914171D0099FD1A /* PithTVUITests.swift in Sources */ = {isa = PBXBuildFile; fileRef = 7F358E852914171D0099FD1A /* PithTVUITests.swift */; };
		7F358E882914171D0099FD1A /* PithTVUITestsLaunchTests.swift in Sources */ = {isa = PBXBuildFile; fileRef = 7F358E872914171D0099FD1A /* PithTVUITestsLaunchTests.swift */; };
		7F5B75A62922BC7E0093073F /* jurassicpark.json in Resources */ = {isa = PBXBuildFile; fileRef = 7F5B75A52922BC7E0093073F /* jurassicpark.json */; };
		7F6FABF42923D98500DFCD13 /* radarr.json in Resources */ = {isa = PBXBuildFile; fileRef = 7F6FABF32923D98500DFCD13 /* radarr.json */; };
		7F6FABF82923E1F700DFCD13 /* DragGestureActions.swift in Sources */ = {isa = PBXBuildFile; fileRef = 7F6FABF72923E1F700DFCD13 /* DragGestureActions.swift */; };
		7F74DDCF2930028B0052476D /* TvShowDetails.swift in Sources */ = {isa = PBXBuildFile; fileRef = 7F74DDCE2930028B0052476D /* TvShowDetails.swift */; };
		7F74DDD1293005620052476D /* barry.json in Resources */ = {isa = PBXBuildFile; fileRef = 7F74DDD0293005620052476D /* barry.json */; };
		7FE7A259291595FA00B322B0 /* Channel.swift in Sources */ = {isa = PBXBuildFile; fileRef = 7FE7A258291595FA00B322B0 /* Channel.swift */; };
		7FE7A25B291596CE00B322B0 /* channels.json in Resources */ = {isa = PBXBuildFile; fileRef = 7FE7A25A291596CE00B322B0 /* channels.json */; };
		7FE7A25D2915982200B322B0 /* ModelData.swift in Sources */ = {isa = PBXBuildFile; fileRef = 7FE7A25C2915982200B322B0 /* ModelData.swift */; };
		7FE7A25F291651DE00B322B0 /* Ribbon.swift in Sources */ = {isa = PBXBuildFile; fileRef = 7FE7A25E291651DE00B322B0 /* Ribbon.swift */; };
		7FE7A2612916521A00B322B0 /* RibbonItem.swift in Sources */ = {isa = PBXBuildFile; fileRef = 7FE7A2602916521A00B322B0 /* RibbonItem.swift */; };
		7FE7A263291657DA00B322B0 /* ribbons.json in Resources */ = {isa = PBXBuildFile; fileRef = 7FE7A262291657DA00B322B0 /* ribbons.json */; };
		7FE7A2652916580100B322B0 /* recentlyAdded.json in Resources */ = {isa = PBXBuildFile; fileRef = 7FE7A2642916580100B322B0 /* recentlyAdded.json */; };
		7FE7A26729168B4000B322B0 /* VlcPlayer.swift in Sources */ = {isa = PBXBuildFile; fileRef = 7FE7A26629168B4000B322B0 /* VlcPlayer.swift */; };
		7FE7A26929168B9400B322B0 /* VlcPlayerView.swift in Sources */ = {isa = PBXBuildFile; fileRef = 7FE7A26829168B9400B322B0 /* VlcPlayerView.swift */; };
		7FE7A2912916E7D100B322B0 /* VideoView.swift in Sources */ = {isa = PBXBuildFile; fileRef = 7FE7A2902916E7D100B322B0 /* VideoView.swift */; };
		7FE7A2942917F01D00B322B0 /* PithClient.swift in Sources */ = {isa = PBXBuildFile; fileRef = 7FE7A2932917F01D00B322B0 /* PithClient.swift */; };
		7FE7A2962917F92500B322B0 /* Pith.swift in Sources */ = {isa = PBXBuildFile; fileRef = 7FE7A2952917F92500B322B0 /* Pith.swift */; };
		D2AC24B5C53F75A1F57233DA /* Pods_PithTV_PithTVUITests.framework in Frameworks */ = {isa = PBXBuildFile; fileRef = CDC9DADF01637FFCCDD19E47 /* Pods_PithTV_PithTVUITests.framework */; };
/* End PBXBuildFile section */

/* Begin PBXContainerItemProxy section */
		7F358E782914171D0099FD1A /* PBXContainerItemProxy */ = {
			isa = PBXContainerItemProxy;
			containerPortal = 7F358E5F2914171B0099FD1A /* Project object */;
			proxyType = 1;
			remoteGlobalIDString = 7F358E662914171B0099FD1A;
			remoteInfo = PithTV;
		};
		7F358E822914171D0099FD1A /* PBXContainerItemProxy */ = {
			isa = PBXContainerItemProxy;
			containerPortal = 7F358E5F2914171B0099FD1A /* Project object */;
			proxyType = 1;
			remoteGlobalIDString = 7F358E662914171B0099FD1A;
			remoteInfo = PithTV;
		};
/* End PBXContainerItemProxy section */

/* Begin PBXFileReference section */
		312513E9B40E84DA481F41A3 /* Pods-PithTV.debug.xcconfig */ = {isa = PBXFileReference; includeInIndex = 1; lastKnownFileType = text.xcconfig; name = "Pods-PithTV.debug.xcconfig"; path = "Target Support Files/Pods-PithTV/Pods-PithTV.debug.xcconfig"; sourceTree = "<group>"; };
		47B2F14CB45A7EF0E1C1A019 /* Pods-PithTVTests.debug.xcconfig */ = {isa = PBXFileReference; includeInIndex = 1; lastKnownFileType = text.xcconfig; name = "Pods-PithTVTests.debug.xcconfig"; path = "Target Support Files/Pods-PithTVTests/Pods-PithTVTests.debug.xcconfig"; sourceTree = "<group>"; };
		7F254184291ED4E000A8EFBB /* BonjourResolver.swift */ = {isa = PBXFileReference; lastKnownFileType = sourcecode.swift; path = BonjourResolver.swift; sourceTree = "<group>"; };
		7F254186291EDBD500A8EFBB /* ChannelBrowser.swift */ = {isa = PBXFileReference; lastKnownFileType = sourcecode.swift; path = ChannelBrowser.swift; sourceTree = "<group>"; };
		7F254188291EE70800A8EFBB /* ChannelItemDetails.swift */ = {isa = PBXFileReference; lastKnownFileType = sourcecode.swift; path = ChannelItemDetails.swift; sourceTree = "<group>"; };
		7F358E672914171B0099FD1A /* PithTV.app */ = {isa = PBXFileReference; explicitFileType = wrapper.application; includeInIndex = 0; path = PithTV.app; sourceTree = BUILT_PRODUCTS_DIR; };
		7F358E6A2914171B0099FD1A /* PithTVApp.swift */ = {isa = PBXFileReference; lastKnownFileType = sourcecode.swift; path = PithTVApp.swift; sourceTree = "<group>"; };
		7F358E6C2914171B0099FD1A /* ContentView.swift */ = {isa = PBXFileReference; lastKnownFileType = sourcecode.swift; path = ContentView.swift; sourceTree = "<group>"; };
		7F358E6E2914171C0099FD1A /* Assets.xcassets */ = {isa = PBXFileReference; lastKnownFileType = folder.assetcatalog; path = Assets.xcassets; sourceTree = "<group>"; };
		7F358E712914171C0099FD1A /* Preview Assets.xcassets */ = {isa = PBXFileReference; lastKnownFileType = folder.assetcatalog; path = "Preview Assets.xcassets"; sourceTree = "<group>"; };
		7F358E772914171D0099FD1A /* PithTVTests.xctest */ = {isa = PBXFileReference; explicitFileType = wrapper.cfbundle; includeInIndex = 0; path = PithTVTests.xctest; sourceTree = BUILT_PRODUCTS_DIR; };
		7F358E7B2914171D0099FD1A /* PithTVTests.swift */ = {isa = PBXFileReference; lastKnownFileType = sourcecode.swift; path = PithTVTests.swift; sourceTree = "<group>"; };
		7F358E812914171D0099FD1A /* PithTVUITests.xctest */ = {isa = PBXFileReference; explicitFileType = wrapper.cfbundle; includeInIndex = 0; path = PithTVUITests.xctest; sourceTree = BUILT_PRODUCTS_DIR; };
		7F358E852914171D0099FD1A /* PithTVUITests.swift */ = {isa = PBXFileReference; lastKnownFileType = sourcecode.swift; path = PithTVUITests.swift; sourceTree = "<group>"; };
		7F358E872914171D0099FD1A /* PithTVUITestsLaunchTests.swift */ = {isa = PBXFileReference; lastKnownFileType = sourcecode.swift; path = PithTVUITestsLaunchTests.swift; sourceTree = "<group>"; };
		7F5B75A52922BC7E0093073F /* jurassicpark.json */ = {isa = PBXFileReference; lastKnownFileType = text.json; path = jurassicpark.json; sourceTree = "<group>"; };
		7F6FABF32923D98500DFCD13 /* radarr.json */ = {isa = PBXFileReference; lastKnownFileType = text.json; path = radarr.json; sourceTree = "<group>"; };
		7F6FABF72923E1F700DFCD13 /* DragGestureActions.swift */ = {isa = PBXFileReference; lastKnownFileType = sourcecode.swift; path = DragGestureActions.swift; sourceTree = "<group>"; };
		7F74DDCE2930028B0052476D /* TvShowDetails.swift */ = {isa = PBXFileReference; lastKnownFileType = sourcecode.swift; path = TvShowDetails.swift; sourceTree = "<group>"; };
		7F74DDD0293005620052476D /* barry.json */ = {isa = PBXFileReference; lastKnownFileType = text.json; path = barry.json; sourceTree = "<group>"; };
		7FE7A258291595FA00B322B0 /* Channel.swift */ = {isa = PBXFileReference; lastKnownFileType = sourcecode.swift; path = Channel.swift; sourceTree = "<group>"; };
		7FE7A25A291596CE00B322B0 /* channels.json */ = {isa = PBXFileReference; lastKnownFileType = text.json; path = channels.json; sourceTree = "<group>"; };
		7FE7A25C2915982200B322B0 /* ModelData.swift */ = {isa = PBXFileReference; lastKnownFileType = sourcecode.swift; path = ModelData.swift; sourceTree = "<group>"; };
		7FE7A25E291651DE00B322B0 /* Ribbon.swift */ = {isa = PBXFileReference; lastKnownFileType = sourcecode.swift; path = Ribbon.swift; sourceTree = "<group>"; };
		7FE7A2602916521A00B322B0 /* RibbonItem.swift */ = {isa = PBXFileReference; lastKnownFileType = sourcecode.swift; path = RibbonItem.swift; sourceTree = "<group>"; };
		7FE7A262291657DA00B322B0 /* ribbons.json */ = {isa = PBXFileReference; lastKnownFileType = text.json; path = ribbons.json; sourceTree = "<group>"; };
		7FE7A2642916580100B322B0 /* recentlyAdded.json */ = {isa = PBXFileReference; lastKnownFileType = text.json; path = recentlyAdded.json; sourceTree = "<group>"; };
		7FE7A26629168B4000B322B0 /* VlcPlayer.swift */ = {isa = PBXFileReference; lastKnownFileType = sourcecode.swift; path = VlcPlayer.swift; sourceTree = "<group>"; };
		7FE7A26829168B9400B322B0 /* VlcPlayerView.swift */ = {isa = PBXFileReference; lastKnownFileType = sourcecode.swift; path = VlcPlayerView.swift; sourceTree = "<group>"; };
		7FE7A26C29168CF100B322B0 /* PithTV-Bridging-Header.h */ = {isa = PBXFileReference; lastKnownFileType = sourcecode.c.h; path = "PithTV-Bridging-Header.h"; sourceTree = "<group>"; };
		7FE7A2902916E7D100B322B0 /* VideoView.swift */ = {isa = PBXFileReference; lastKnownFileType = sourcecode.swift; path = VideoView.swift; sourceTree = "<group>"; };
		7FE7A2932917F01D00B322B0 /* PithClient.swift */ = {isa = PBXFileReference; lastKnownFileType = sourcecode.swift; path = PithClient.swift; sourceTree = "<group>"; };
		7FE7A2952917F92500B322B0 /* Pith.swift */ = {isa = PBXFileReference; lastKnownFileType = sourcecode.swift; path = Pith.swift; sourceTree = "<group>"; };
		7FE7A299291824CB00B322B0 /* Info.plist */ = {isa = PBXFileReference; lastKnownFileType = text.plist; path = Info.plist; sourceTree = "<group>"; };
		B06843D632078128AC4A0B3C /* Pods-PithTV.release.xcconfig */ = {isa = PBXFileReference; includeInIndex = 1; lastKnownFileType = text.xcconfig; name = "Pods-PithTV.release.xcconfig"; path = "Target Support Files/Pods-PithTV/Pods-PithTV.release.xcconfig"; sourceTree = "<group>"; };
		BE836EADC798C23E499A9B8E /* Pods-PithTV-PithTVUITests.release.xcconfig */ = {isa = PBXFileReference; includeInIndex = 1; lastKnownFileType = text.xcconfig; name = "Pods-PithTV-PithTVUITests.release.xcconfig"; path = "Target Support Files/Pods-PithTV-PithTVUITests/Pods-PithTV-PithTVUITests.release.xcconfig"; sourceTree = "<group>"; };
		CDC9DADF01637FFCCDD19E47 /* Pods_PithTV_PithTVUITests.framework */ = {isa = PBXFileReference; explicitFileType = wrapper.framework; includeInIndex = 0; path = Pods_PithTV_PithTVUITests.framework; sourceTree = BUILT_PRODUCTS_DIR; };
		D7A230DC02DB9BFC1801D915 /* Pods_PithTV.framework */ = {isa = PBXFileReference; explicitFileType = wrapper.framework; includeInIndex = 0; path = Pods_PithTV.framework; sourceTree = BUILT_PRODUCTS_DIR; };
		DD5510FA77A3BD07C6725ECD /* Pods_PithTVTests.framework */ = {isa = PBXFileReference; explicitFileType = wrapper.framework; includeInIndex = 0; path = Pods_PithTVTests.framework; sourceTree = BUILT_PRODUCTS_DIR; };
		F1F48E07C5E8DD807908E67B /* Pods-PithTV-PithTVUITests.debug.xcconfig */ = {isa = PBXFileReference; includeInIndex = 1; lastKnownFileType = text.xcconfig; name = "Pods-PithTV-PithTVUITests.debug.xcconfig"; path = "Target Support Files/Pods-PithTV-PithTVUITests/Pods-PithTV-PithTVUITests.debug.xcconfig"; sourceTree = "<group>"; };
		F7C295D500F73FA6BFEF0714 /* Pods-PithTVTests.release.xcconfig */ = {isa = PBXFileReference; includeInIndex = 1; lastKnownFileType = text.xcconfig; name = "Pods-PithTVTests.release.xcconfig"; path = "Target Support Files/Pods-PithTVTests/Pods-PithTVTests.release.xcconfig"; sourceTree = "<group>"; };
/* End PBXFileReference section */

/* Begin PBXFrameworksBuildPhase section */
		7F358E642914171B0099FD1A /* Frameworks */ = {
			isa = PBXFrameworksBuildPhase;
			buildActionMask = 2147483647;
			files = (
				6D6FABB3572E52824D6DA65F /* Pods_PithTV.framework in Frameworks */,
			);
			runOnlyForDeploymentPostprocessing = 0;
		};
		7F358E742914171D0099FD1A /* Frameworks */ = {
			isa = PBXFrameworksBuildPhase;
			buildActionMask = 2147483647;
			files = (
				5D32D03A0570C24654540739 /* Pods_PithTVTests.framework in Frameworks */,
			);
			runOnlyForDeploymentPostprocessing = 0;
		};
		7F358E7E2914171D0099FD1A /* Frameworks */ = {
			isa = PBXFrameworksBuildPhase;
			buildActionMask = 2147483647;
			files = (
				D2AC24B5C53F75A1F57233DA /* Pods_PithTV_PithTVUITests.framework in Frameworks */,
			);
			runOnlyForDeploymentPostprocessing = 0;
		};
/* End PBXFrameworksBuildPhase section */

/* Begin PBXGroup section */
		1EAFD6A2179A12A0ECA5E195 /* Pods */ = {
			isa = PBXGroup;
			children = (
				312513E9B40E84DA481F41A3 /* Pods-PithTV.debug.xcconfig */,
				B06843D632078128AC4A0B3C /* Pods-PithTV.release.xcconfig */,
				F1F48E07C5E8DD807908E67B /* Pods-PithTV-PithTVUITests.debug.xcconfig */,
				BE836EADC798C23E499A9B8E /* Pods-PithTV-PithTVUITests.release.xcconfig */,
				47B2F14CB45A7EF0E1C1A019 /* Pods-PithTVTests.debug.xcconfig */,
				F7C295D500F73FA6BFEF0714 /* Pods-PithTVTests.release.xcconfig */,
			);
			path = Pods;
			sourceTree = "<group>";
		};
		7F358E5E2914171B0099FD1A = {
			isa = PBXGroup;
			children = (
				7F358E692914171B0099FD1A /* PithTV */,
				7F358E7A2914171D0099FD1A /* PithTVTests */,
				7F358E842914171D0099FD1A /* PithTVUITests */,
				7F358E682914171B0099FD1A /* Products */,
				1EAFD6A2179A12A0ECA5E195 /* Pods */,
				E3031EBEC202C45D3BA98F67 /* Frameworks */,
			);
			sourceTree = "<group>";
		};
		7F358E682914171B0099FD1A /* Products */ = {
			isa = PBXGroup;
			children = (
				7F358E672914171B0099FD1A /* PithTV.app */,
				7F358E772914171D0099FD1A /* PithTVTests.xctest */,
				7F358E812914171D0099FD1A /* PithTVUITests.xctest */,
			);
			name = Products;
			sourceTree = "<group>";
		};
		7F358E692914171B0099FD1A /* PithTV */ = {
			isa = PBXGroup;
			children = (
				7FE7A299291824CB00B322B0 /* Info.plist */,
				7FE7A2922917F01100B322B0 /* Pith */,
				7FE7A28F2916E79700B322B0 /* Views */,
				7FE7A257291595EA00B322B0 /* Model */,
				7F358E6A2914171B0099FD1A /* PithTVApp.swift */,
				7F254184291ED4E000A8EFBB /* BonjourResolver.swift */,
				7F358E6E2914171C0099FD1A /* Assets.xcassets */,
				7F358E702914171C0099FD1A /* Preview Content */,
				7FE7A26C29168CF100B322B0 /* PithTV-Bridging-Header.h */,
			);
			path = PithTV;
			sourceTree = "<group>";
		};
		7F358E702914171C0099FD1A /* Preview Content */ = {
			isa = PBXGroup;
			children = (
				7F358E712914171C0099FD1A /* Preview Assets.xcassets */,
			);
			path = "Preview Content";
			sourceTree = "<group>";
		};
		7F358E7A2914171D0099FD1A /* PithTVTests */ = {
			isa = PBXGroup;
			children = (
				7F358E7B2914171D0099FD1A /* PithTVTests.swift */,
			);
			path = PithTVTests;
			sourceTree = "<group>";
		};
		7F358E842914171D0099FD1A /* PithTVUITests */ = {
			isa = PBXGroup;
			children = (
				7F358E852914171D0099FD1A /* PithTVUITests.swift */,
				7F358E872914171D0099FD1A /* PithTVUITestsLaunchTests.swift */,
			);
			path = PithTVUITests;
			sourceTree = "<group>";
		};
		7FE7A257291595EA00B322B0 /* Model */ = {
			isa = PBXGroup;
			children = (
				7FE7A258291595FA00B322B0 /* Channel.swift */,
				7FE7A25A291596CE00B322B0 /* channels.json */,
				7FE7A25C2915982200B322B0 /* ModelData.swift */,
				7FE7A25E291651DE00B322B0 /* Ribbon.swift */,
				7FE7A2602916521A00B322B0 /* RibbonItem.swift */,
				7FE7A262291657DA00B322B0 /* ribbons.json */,
				7FE7A2642916580100B322B0 /* recentlyAdded.json */,
				7F5B75A52922BC7E0093073F /* jurassicpark.json */,
				7F6FABF32923D98500DFCD13 /* radarr.json */,
				7F74DDD0293005620052476D /* barry.json */,
			);
			path = Model;
			sourceTree = "<group>";
		};
		7FE7A28F2916E79700B322B0 /* Views */ = {
			isa = PBXGroup;
			children = (
				7F358E6C2914171B0099FD1A /* ContentView.swift */,
				7FE7A26629168B4000B322B0 /* VlcPlayer.swift */,
				7FE7A26829168B9400B322B0 /* VlcPlayerView.swift */,
				7FE7A2902916E7D100B322B0 /* VideoView.swift */,
				7F254186291EDBD500A8EFBB /* ChannelBrowser.swift */,
				7F254188291EE70800A8EFBB /* ChannelItemDetails.swift */,
				7F6FABF72923E1F700DFCD13 /* DragGestureActions.swift */,
				7F74DDCE2930028B0052476D /* TvShowDetails.swift */,
			);
			path = Views;
			sourceTree = "<group>";
		};
		7FE7A2922917F01100B322B0 /* Pith */ = {
			isa = PBXGroup;
			children = (
				7FE7A2932917F01D00B322B0 /* PithClient.swift */,
				7FE7A2952917F92500B322B0 /* Pith.swift */,
			);
			path = Pith;
			sourceTree = "<group>";
		};
		E3031EBEC202C45D3BA98F67 /* Frameworks */ = {
			isa = PBXGroup;
			children = (
				D7A230DC02DB9BFC1801D915 /* Pods_PithTV.framework */,
				CDC9DADF01637FFCCDD19E47 /* Pods_PithTV_PithTVUITests.framework */,
				DD5510FA77A3BD07C6725ECD /* Pods_PithTVTests.framework */,
			);
			name = Frameworks;
			sourceTree = "<group>";
		};
/* End PBXGroup section */

/* Begin PBXNativeTarget section */
		7F358E662914171B0099FD1A /* PithTV */ = {
			isa = PBXNativeTarget;
			buildConfigurationList = 7F358E8B2914171D0099FD1A /* Build configuration list for PBXNativeTarget "PithTV" */;
			buildPhases = (
				98C42C73A480112D58BCBDB9 /* [CP] Check Pods Manifest.lock */,
				7F358E632914171B0099FD1A /* Sources */,
				7F358E642914171B0099FD1A /* Frameworks */,
				7F358E652914171B0099FD1A /* Resources */,
				9CEDBCC52694C1E604F6DAE0 /* [CP] Embed Pods Frameworks */,
			);
			buildRules = (
			);
			dependencies = (
			);
			name = PithTV;
			productName = PithTV;
			productReference = 7F358E672914171B0099FD1A /* PithTV.app */;
			productType = "com.apple.product-type.application";
		};
		7F358E762914171D0099FD1A /* PithTVTests */ = {
			isa = PBXNativeTarget;
			buildConfigurationList = 7F358E8E2914171D0099FD1A /* Build configuration list for PBXNativeTarget "PithTVTests" */;
			buildPhases = (
				992FD2BD067EDA4A86392A81 /* [CP] Check Pods Manifest.lock */,
				7F358E732914171D0099FD1A /* Sources */,
				7F358E742914171D0099FD1A /* Frameworks */,
				7F358E752914171D0099FD1A /* Resources */,
			);
			buildRules = (
			);
			dependencies = (
				7F358E792914171D0099FD1A /* PBXTargetDependency */,
			);
			name = PithTVTests;
			productName = PithTVTests;
			productReference = 7F358E772914171D0099FD1A /* PithTVTests.xctest */;
			productType = "com.apple.product-type.bundle.unit-test";
		};
		7F358E802914171D0099FD1A /* PithTVUITests */ = {
			isa = PBXNativeTarget;
			buildConfigurationList = 7F358E912914171D0099FD1A /* Build configuration list for PBXNativeTarget "PithTVUITests" */;
			buildPhases = (
				A3AA33A6AF3425A94F5D8B68 /* [CP] Check Pods Manifest.lock */,
				7F358E7D2914171D0099FD1A /* Sources */,
				7F358E7E2914171D0099FD1A /* Frameworks */,
				7F358E7F2914171D0099FD1A /* Resources */,
				0A534508D73C77FA1CC199EB /* [CP] Embed Pods Frameworks */,
			);
			buildRules = (
			);
			dependencies = (
				7F358E832914171D0099FD1A /* PBXTargetDependency */,
			);
			name = PithTVUITests;
			productName = PithTVUITests;
			productReference = 7F358E812914171D0099FD1A /* PithTVUITests.xctest */;
			productType = "com.apple.product-type.bundle.ui-testing";
		};
/* End PBXNativeTarget section */

/* Begin PBXProject section */
		7F358E5F2914171B0099FD1A /* Project object */ = {
			isa = PBXProject;
			attributes = {
				BuildIndependentTargetsInParallel = 1;
				LastSwiftUpdateCheck = 1410;
				LastUpgradeCheck = 1410;
				TargetAttributes = {
					7F358E662914171B0099FD1A = {
						CreatedOnToolsVersion = 14.1;
						LastSwiftMigration = 1410;
					};
					7F358E762914171D0099FD1A = {
						CreatedOnToolsVersion = 14.1;
						TestTargetID = 7F358E662914171B0099FD1A;
					};
					7F358E802914171D0099FD1A = {
						CreatedOnToolsVersion = 14.1;
						TestTargetID = 7F358E662914171B0099FD1A;
					};
				};
			};
			buildConfigurationList = 7F358E622914171B0099FD1A /* Build configuration list for PBXProject "PithTV" */;
			compatibilityVersion = "Xcode 14.0";
			developmentRegion = en;
			hasScannedForEncodings = 0;
			knownRegions = (
				en,
				Base,
			);
			mainGroup = 7F358E5E2914171B0099FD1A;
			productRefGroup = 7F358E682914171B0099FD1A /* Products */;
			projectDirPath = "";
			projectRoot = "";
			targets = (
				7F358E662914171B0099FD1A /* PithTV */,
				7F358E762914171D0099FD1A /* PithTVTests */,
				7F358E802914171D0099FD1A /* PithTVUITests */,
			);
		};
/* End PBXProject section */

/* Begin PBXResourcesBuildPhase section */
		7F358E652914171B0099FD1A /* Resources */ = {
			isa = PBXResourcesBuildPhase;
			buildActionMask = 2147483647;
			files = (
				7FE7A25B291596CE00B322B0 /* channels.json in Resources */,
				7F6FABF42923D98500DFCD13 /* radarr.json in Resources */,
				7F74DDD1293005620052476D /* barry.json in Resources */,
				7F358E722914171C0099FD1A /* Preview Assets.xcassets in Resources */,
				7F358E6F2914171C0099FD1A /* Assets.xcassets in Resources */,
				7FE7A263291657DA00B322B0 /* ribbons.json in Resources */,
				7FE7A2652916580100B322B0 /* recentlyAdded.json in Resources */,
				7F5B75A62922BC7E0093073F /* jurassicpark.json in Resources */,
			);
			runOnlyForDeploymentPostprocessing = 0;
		};
		7F358E752914171D0099FD1A /* Resources */ = {
			isa = PBXResourcesBuildPhase;
			buildActionMask = 2147483647;
			files = (
			);
			runOnlyForDeploymentPostprocessing = 0;
		};
		7F358E7F2914171D0099FD1A /* Resources */ = {
			isa = PBXResourcesBuildPhase;
			buildActionMask = 2147483647;
			files = (
			);
			runOnlyForDeploymentPostprocessing = 0;
		};
/* End PBXResourcesBuildPhase section */

/* Begin PBXShellScriptBuildPhase section */
		0A534508D73C77FA1CC199EB /* [CP] Embed Pods Frameworks */ = {
			isa = PBXShellScriptBuildPhase;
			buildActionMask = 2147483647;
			files = (
			);
			inputFileListPaths = (
				"${PODS_ROOT}/Target Support Files/Pods-PithTV-PithTVUITests/Pods-PithTV-PithTVUITests-frameworks-${CONFIGURATION}-input-files.xcfilelist",
			);
			name = "[CP] Embed Pods Frameworks";
			outputFileListPaths = (
				"${PODS_ROOT}/Target Support Files/Pods-PithTV-PithTVUITests/Pods-PithTV-PithTVUITests-frameworks-${CONFIGURATION}-output-files.xcfilelist",
			);
			runOnlyForDeploymentPostprocessing = 0;
			shellPath = /bin/sh;
			shellScript = "\"${PODS_ROOT}/Target Support Files/Pods-PithTV-PithTVUITests/Pods-PithTV-PithTVUITests-frameworks.sh\"\n";
			showEnvVarsInLog = 0;
		};
		98C42C73A480112D58BCBDB9 /* [CP] Check Pods Manifest.lock */ = {
			isa = PBXShellScriptBuildPhase;
			buildActionMask = 2147483647;
			files = (
			);
			inputFileListPaths = (
			);
			inputPaths = (
				"${PODS_PODFILE_DIR_PATH}/Podfile.lock",
				"${PODS_ROOT}/Manifest.lock",
			);
			name = "[CP] Check Pods Manifest.lock";
			outputFileListPaths = (
			);
			outputPaths = (
				"$(DERIVED_FILE_DIR)/Pods-PithTV-checkManifestLockResult.txt",
			);
			runOnlyForDeploymentPostprocessing = 0;
			shellPath = /bin/sh;
			shellScript = "diff \"${PODS_PODFILE_DIR_PATH}/Podfile.lock\" \"${PODS_ROOT}/Manifest.lock\" > /dev/null\nif [ $? != 0 ] ; then\n    # print error to STDERR\n    echo \"error: The sandbox is not in sync with the Podfile.lock. Run 'pod install' or update your CocoaPods installation.\" >&2\n    exit 1\nfi\n# This output is used by Xcode 'outputs' to avoid re-running this script phase.\necho \"SUCCESS\" > \"${SCRIPT_OUTPUT_FILE_0}\"\n";
			showEnvVarsInLog = 0;
		};
		992FD2BD067EDA4A86392A81 /* [CP] Check Pods Manifest.lock */ = {
			isa = PBXShellScriptBuildPhase;
			buildActionMask = 2147483647;
			files = (
			);
			inputFileListPaths = (
			);
			inputPaths = (
				"${PODS_PODFILE_DIR_PATH}/Podfile.lock",
				"${PODS_ROOT}/Manifest.lock",
			);
			name = "[CP] Check Pods Manifest.lock";
			outputFileListPaths = (
			);
			outputPaths = (
				"$(DERIVED_FILE_DIR)/Pods-PithTVTests-checkManifestLockResult.txt",
			);
			runOnlyForDeploymentPostprocessing = 0;
			shellPath = /bin/sh;
			shellScript = "diff \"${PODS_PODFILE_DIR_PATH}/Podfile.lock\" \"${PODS_ROOT}/Manifest.lock\" > /dev/null\nif [ $? != 0 ] ; then\n    # print error to STDERR\n    echo \"error: The sandbox is not in sync with the Podfile.lock. Run 'pod install' or update your CocoaPods installation.\" >&2\n    exit 1\nfi\n# This output is used by Xcode 'outputs' to avoid re-running this script phase.\necho \"SUCCESS\" > \"${SCRIPT_OUTPUT_FILE_0}\"\n";
			showEnvVarsInLog = 0;
		};
		9CEDBCC52694C1E604F6DAE0 /* [CP] Embed Pods Frameworks */ = {
			isa = PBXShellScriptBuildPhase;
			buildActionMask = 2147483647;
			files = (
			);
			inputFileListPaths = (
				"${PODS_ROOT}/Target Support Files/Pods-PithTV/Pods-PithTV-frameworks-${CONFIGURATION}-input-files.xcfilelist",
			);
			name = "[CP] Embed Pods Frameworks";
			outputFileListPaths = (
				"${PODS_ROOT}/Target Support Files/Pods-PithTV/Pods-PithTV-frameworks-${CONFIGURATION}-output-files.xcfilelist",
			);
			runOnlyForDeploymentPostprocessing = 0;
			shellPath = /bin/sh;
			shellScript = "\"${PODS_ROOT}/Target Support Files/Pods-PithTV/Pods-PithTV-frameworks.sh\"\n";
			showEnvVarsInLog = 0;
		};
		A3AA33A6AF3425A94F5D8B68 /* [CP] Check Pods Manifest.lock */ = {
			isa = PBXShellScriptBuildPhase;
			buildActionMask = 2147483647;
			files = (
			);
			inputFileListPaths = (
			);
			inputPaths = (
				"${PODS_PODFILE_DIR_PATH}/Podfile.lock",
				"${PODS_ROOT}/Manifest.lock",
			);
			name = "[CP] Check Pods Manifest.lock";
			outputFileListPaths = (
			);
			outputPaths = (
				"$(DERIVED_FILE_DIR)/Pods-PithTV-PithTVUITests-checkManifestLockResult.txt",
			);
			runOnlyForDeploymentPostprocessing = 0;
			shellPath = /bin/sh;
			shellScript = "diff \"${PODS_PODFILE_DIR_PATH}/Podfile.lock\" \"${PODS_ROOT}/Manifest.lock\" > /dev/null\nif [ $? != 0 ] ; then\n    # print error to STDERR\n    echo \"error: The sandbox is not in sync with the Podfile.lock. Run 'pod install' or update your CocoaPods installation.\" >&2\n    exit 1\nfi\n# This output is used by Xcode 'outputs' to avoid re-running this script phase.\necho \"SUCCESS\" > \"${SCRIPT_OUTPUT_FILE_0}\"\n";
			showEnvVarsInLog = 0;
		};
/* End PBXShellScriptBuildPhase section */

/* Begin PBXSourcesBuildPhase section */
		7F358E632914171B0099FD1A /* Sources */ = {
			isa = PBXSourcesBuildPhase;
			buildActionMask = 2147483647;
			files = (
				7F358E6D2914171B0099FD1A /* ContentView.swift in Sources */,
				7F254185291ED4E000A8EFBB /* BonjourResolver.swift in Sources */,
				7FE7A25F291651DE00B322B0 /* Ribbon.swift in Sources */,
				7FE7A2962917F92500B322B0 /* Pith.swift in Sources */,
				7FE7A26729168B4000B322B0 /* VlcPlayer.swift in Sources */,
				7F254189291EE70800A8EFBB /* ChannelItemDetails.swift in Sources */,
				7FE7A26929168B9400B322B0 /* VlcPlayerView.swift in Sources */,
				7F6FABF82923E1F700DFCD13 /* DragGestureActions.swift in Sources */,
				7FE7A25D2915982200B322B0 /* ModelData.swift in Sources */,
				7FE7A2912916E7D100B322B0 /* VideoView.swift in Sources */,
				7FE7A259291595FA00B322B0 /* Channel.swift in Sources */,
				7F254187291EDBD500A8EFBB /* ChannelBrowser.swift in Sources */,
				7FE7A2612916521A00B322B0 /* RibbonItem.swift in Sources */,
				7F358E6B2914171B0099FD1A /* PithTVApp.swift in Sources */,
				7FE7A2942917F01D00B322B0 /* PithClient.swift in Sources */,
				7F74DDCF2930028B0052476D /* TvShowDetails.swift in Sources */,
			);
			runOnlyForDeploymentPostprocessing = 0;
		};
		7F358E732914171D0099FD1A /* Sources */ = {
			isa = PBXSourcesBuildPhase;
			buildActionMask = 2147483647;
			files = (
				7F358E7C2914171D0099FD1A /* PithTVTests.swift in Sources */,
			);
			runOnlyForDeploymentPostprocessing = 0;
		};
		7F358E7D2914171D0099FD1A /* Sources */ = {
			isa = PBXSourcesBuildPhase;
			buildActionMask = 2147483647;
			files = (
				7F358E862914171D0099FD1A /* PithTVUITests.swift in Sources */,
				7F358E882914171D0099FD1A /* PithTVUITestsLaunchTests.swift in Sources */,
			);
			runOnlyForDeploymentPostprocessing = 0;
		};
/* End PBXSourcesBuildPhase section */

/* Begin PBXTargetDependency section */
		7F358E792914171D0099FD1A /* PBXTargetDependency */ = {
			isa = PBXTargetDependency;
			target = 7F358E662914171B0099FD1A /* PithTV */;
			targetProxy = 7F358E782914171D0099FD1A /* PBXContainerItemProxy */;
		};
		7F358E832914171D0099FD1A /* PBXTargetDependency */ = {
			isa = PBXTargetDependency;
			target = 7F358E662914171B0099FD1A /* PithTV */;
			targetProxy = 7F358E822914171D0099FD1A /* PBXContainerItemProxy */;
		};
/* End PBXTargetDependency section */

/* Begin XCBuildConfiguration section */
		7F358E892914171D0099FD1A /* Debug */ = {
			isa = XCBuildConfiguration;
			buildSettings = {
				ALWAYS_SEARCH_USER_PATHS = NO;
				CLANG_ANALYZER_NONNULL = YES;
				CLANG_ANALYZER_NUMBER_OBJECT_CONVERSION = YES_AGGRESSIVE;
				CLANG_CXX_LANGUAGE_STANDARD = "gnu++20";
				CLANG_ENABLE_MODULES = YES;
				CLANG_ENABLE_OBJC_ARC = YES;
				CLANG_ENABLE_OBJC_WEAK = YES;
				CLANG_WARN_BLOCK_CAPTURE_AUTORELEASING = YES;
				CLANG_WARN_BOOL_CONVERSION = YES;
				CLANG_WARN_COMMA = YES;
				CLANG_WARN_CONSTANT_CONVERSION = YES;
				CLANG_WARN_DEPRECATED_OBJC_IMPLEMENTATIONS = YES;
				CLANG_WARN_DIRECT_OBJC_ISA_USAGE = YES_ERROR;
				CLANG_WARN_DOCUMENTATION_COMMENTS = YES;
				CLANG_WARN_EMPTY_BODY = YES;
				CLANG_WARN_ENUM_CONVERSION = YES;
				CLANG_WARN_INFINITE_RECURSION = YES;
				CLANG_WARN_INT_CONVERSION = YES;
				CLANG_WARN_NON_LITERAL_NULL_CONVERSION = YES;
				CLANG_WARN_OBJC_IMPLICIT_RETAIN_SELF = YES;
				CLANG_WARN_OBJC_LITERAL_CONVERSION = YES;
				CLANG_WARN_OBJC_ROOT_CLASS = YES_ERROR;
				CLANG_WARN_QUOTED_INCLUDE_IN_FRAMEWORK_HEADER = YES;
				CLANG_WARN_RANGE_LOOP_ANALYSIS = YES;
				CLANG_WARN_STRICT_PROTOTYPES = YES;
				CLANG_WARN_SUSPICIOUS_MOVE = YES;
				CLANG_WARN_UNGUARDED_AVAILABILITY = YES_AGGRESSIVE;
				CLANG_WARN_UNREACHABLE_CODE = YES;
				CLANG_WARN__DUPLICATE_METHOD_MATCH = YES;
				COPY_PHASE_STRIP = NO;
				DEBUG_INFORMATION_FORMAT = dwarf;
				ENABLE_STRICT_OBJC_MSGSEND = YES;
				ENABLE_TESTABILITY = YES;
				GCC_C_LANGUAGE_STANDARD = gnu11;
				GCC_DYNAMIC_NO_PIC = NO;
				GCC_NO_COMMON_BLOCKS = YES;
				GCC_OPTIMIZATION_LEVEL = 0;
				GCC_PREPROCESSOR_DEFINITIONS = (
					"DEBUG=1",
					"$(inherited)",
				);
				GCC_WARN_64_TO_32_BIT_CONVERSION = YES;
				GCC_WARN_ABOUT_RETURN_TYPE = YES_ERROR;
				GCC_WARN_UNDECLARED_SELECTOR = YES;
				GCC_WARN_UNINITIALIZED_AUTOS = YES_AGGRESSIVE;
				GCC_WARN_UNUSED_FUNCTION = YES;
				GCC_WARN_UNUSED_VARIABLE = YES;
				MTL_ENABLE_DEBUG_INFO = INCLUDE_SOURCE;
				MTL_FAST_MATH = YES;
				ONLY_ACTIVE_ARCH = YES;
				SDKROOT = appletvos;
				SWIFT_ACTIVE_COMPILATION_CONDITIONS = DEBUG;
				SWIFT_OPTIMIZATION_LEVEL = "-Onone";
				TVOS_DEPLOYMENT_TARGET = 16.1;
			};
			name = Debug;
		};
		7F358E8A2914171D0099FD1A /* Release */ = {
			isa = XCBuildConfiguration;
			buildSettings = {
				ALWAYS_SEARCH_USER_PATHS = NO;
				CLANG_ANALYZER_NONNULL = YES;
				CLANG_ANALYZER_NUMBER_OBJECT_CONVERSION = YES_AGGRESSIVE;
				CLANG_CXX_LANGUAGE_STANDARD = "gnu++20";
				CLANG_ENABLE_MODULES = YES;
				CLANG_ENABLE_OBJC_ARC = YES;
				CLANG_ENABLE_OBJC_WEAK = YES;
				CLANG_WARN_BLOCK_CAPTURE_AUTORELEASING = YES;
				CLANG_WARN_BOOL_CONVERSION = YES;
				CLANG_WARN_COMMA = YES;
				CLANG_WARN_CONSTANT_CONVERSION = YES;
				CLANG_WARN_DEPRECATED_OBJC_IMPLEMENTATIONS = YES;
				CLANG_WARN_DIRECT_OBJC_ISA_USAGE = YES_ERROR;
				CLANG_WARN_DOCUMENTATION_COMMENTS = YES;
				CLANG_WARN_EMPTY_BODY = YES;
				CLANG_WARN_ENUM_CONVERSION = YES;
				CLANG_WARN_INFINITE_RECURSION = YES;
				CLANG_WARN_INT_CONVERSION = YES;
				CLANG_WARN_NON_LITERAL_NULL_CONVERSION = YES;
				CLANG_WARN_OBJC_IMPLICIT_RETAIN_SELF = YES;
				CLANG_WARN_OBJC_LITERAL_CONVERSION = YES;
				CLANG_WARN_OBJC_ROOT_CLASS = YES_ERROR;
				CLANG_WARN_QUOTED_INCLUDE_IN_FRAMEWORK_HEADER = YES;
				CLANG_WARN_RANGE_LOOP_ANALYSIS = YES;
				CLANG_WARN_STRICT_PROTOTYPES = YES;
				CLANG_WARN_SUSPICIOUS_MOVE = YES;
				CLANG_WARN_UNGUARDED_AVAILABILITY = YES_AGGRESSIVE;
				CLANG_WARN_UNREACHABLE_CODE = YES;
				CLANG_WARN__DUPLICATE_METHOD_MATCH = YES;
				COPY_PHASE_STRIP = NO;
				DEBUG_INFORMATION_FORMAT = "dwarf-with-dsym";
				ENABLE_NS_ASSERTIONS = NO;
				ENABLE_STRICT_OBJC_MSGSEND = YES;
				GCC_C_LANGUAGE_STANDARD = gnu11;
				GCC_NO_COMMON_BLOCKS = YES;
				GCC_WARN_64_TO_32_BIT_CONVERSION = YES;
				GCC_WARN_ABOUT_RETURN_TYPE = YES_ERROR;
				GCC_WARN_UNDECLARED_SELECTOR = YES;
				GCC_WARN_UNINITIALIZED_AUTOS = YES_AGGRESSIVE;
				GCC_WARN_UNUSED_FUNCTION = YES;
				GCC_WARN_UNUSED_VARIABLE = YES;
				MTL_ENABLE_DEBUG_INFO = NO;
				MTL_FAST_MATH = YES;
				SDKROOT = appletvos;
				SWIFT_COMPILATION_MODE = wholemodule;
				SWIFT_OPTIMIZATION_LEVEL = "-O";
				TVOS_DEPLOYMENT_TARGET = 16.1;
				VALIDATE_PRODUCT = YES;
			};
			name = Release;
		};
		7F358E8C2914171D0099FD1A /* Debug */ = {
			isa = XCBuildConfiguration;
			baseConfigurationReference = 312513E9B40E84DA481F41A3 /* Pods-PithTV.debug.xcconfig */;
			buildSettings = {
				ASSETCATALOG_COMPILER_APPICON_NAME = "App Icon & Top Shelf Image";
				ASSETCATALOG_COMPILER_GLOBAL_ACCENT_COLOR_NAME = AccentColor;
				CLANG_ENABLE_MODULES = YES;
				CODE_SIGN_STYLE = Automatic;
				CURRENT_PROJECT_VERSION = 1;
				DEVELOPMENT_ASSET_PATHS = "\"PithTV/Preview Content\"";
				DEVELOPMENT_TEAM = 7MHLQ7AVV3;
				ENABLE_PREVIEWS = YES;
				GENERATE_INFOPLIST_FILE = YES;
				INFOPLIST_FILE = PithTV/Info.plist;
				INFOPLIST_KEY_LSApplicationCategoryType = "";
				INFOPLIST_KEY_UILaunchScreen_Generation = YES;
				INFOPLIST_KEY_UIUserInterfaceStyle = Automatic;
				LD_RUNPATH_SEARCH_PATHS = (
					"$(inherited)",
					"@executable_path/Frameworks",
				);
				MARKETING_VERSION = 1.0;
				PRODUCT_BUNDLE_IDENTIFIER = com.github.pithmediaserver.PithTV;
				PRODUCT_NAME = "$(TARGET_NAME)";
				SWIFT_EMIT_LOC_STRINGS = YES;
				SWIFT_OBJC_BRIDGING_HEADER = "PithTV/PithTV-Bridging-Header.h";
				SWIFT_OPTIMIZATION_LEVEL = "-Onone";
				SWIFT_VERSION = 5.0;
				TARGETED_DEVICE_FAMILY = 3;
				TVOS_DEPLOYMENT_TARGET = 16.0;
			};
			name = Debug;
		};
		7F358E8D2914171D0099FD1A /* Release */ = {
			isa = XCBuildConfiguration;
			baseConfigurationReference = B06843D632078128AC4A0B3C /* Pods-PithTV.release.xcconfig */;
			buildSettings = {
				ASSETCATALOG_COMPILER_APPICON_NAME = "App Icon & Top Shelf Image";
				ASSETCATALOG_COMPILER_GLOBAL_ACCENT_COLOR_NAME = AccentColor;
				CLANG_ENABLE_MODULES = YES;
				CODE_SIGN_STYLE = Automatic;
				CURRENT_PROJECT_VERSION = 1;
				DEVELOPMENT_ASSET_PATHS = "\"PithTV/Preview Content\"";
				DEVELOPMENT_TEAM = 7MHLQ7AVV3;
				ENABLE_PREVIEWS = YES;
				GENERATE_INFOPLIST_FILE = YES;
				INFOPLIST_FILE = PithTV/Info.plist;
				INFOPLIST_KEY_LSApplicationCategoryType = "";
				INFOPLIST_KEY_UILaunchScreen_Generation = YES;
				INFOPLIST_KEY_UIUserInterfaceStyle = Automatic;
				LD_RUNPATH_SEARCH_PATHS = (
					"$(inherited)",
					"@executable_path/Frameworks",
				);
				MARKETING_VERSION = 1.0;
				PRODUCT_BUNDLE_IDENTIFIER = com.github.pithmediaserver.PithTV;
				PRODUCT_NAME = "$(TARGET_NAME)";
				SWIFT_EMIT_LOC_STRINGS = YES;
				SWIFT_OBJC_BRIDGING_HEADER = "PithTV/PithTV-Bridging-Header.h";
				SWIFT_VERSION = 5.0;
				TARGETED_DEVICE_FAMILY = 3;
				TVOS_DEPLOYMENT_TARGET = 16.0;
			};
			name = Release;
		};
		7F358E8F2914171D0099FD1A /* Debug */ = {
			isa = XCBuildConfiguration;
			baseConfigurationReference = 47B2F14CB45A7EF0E1C1A019 /* Pods-PithTVTests.debug.xcconfig */;
			buildSettings = {
				ALWAYS_EMBED_SWIFT_STANDARD_LIBRARIES = YES;
				BUNDLE_LOADER = "$(TEST_HOST)";
				CODE_SIGN_STYLE = Automatic;
				CURRENT_PROJECT_VERSION = 1;
				GENERATE_INFOPLIST_FILE = YES;
				MARKETING_VERSION = 1.0;
				PRODUCT_BUNDLE_IDENTIFIER = com.github.pithmediaserver.PithTVTests;
				PRODUCT_NAME = "$(TARGET_NAME)";
				SWIFT_EMIT_LOC_STRINGS = NO;
				SWIFT_VERSION = 5.0;
				TARGETED_DEVICE_FAMILY = 3;
				TEST_HOST = "$(BUILT_PRODUCTS_DIR)/PithTV.app/$(BUNDLE_EXECUTABLE_FOLDER_PATH)/PithTV";
				TVOS_DEPLOYMENT_TARGET = 16.1;
			};
			name = Debug;
		};
		7F358E902914171D0099FD1A /* Release */ = {
			isa = XCBuildConfiguration;
			baseConfigurationReference = F7C295D500F73FA6BFEF0714 /* Pods-PithTVTests.release.xcconfig */;
			buildSettings = {
				ALWAYS_EMBED_SWIFT_STANDARD_LIBRARIES = YES;
				BUNDLE_LOADER = "$(TEST_HOST)";
				CODE_SIGN_STYLE = Automatic;
				CURRENT_PROJECT_VERSION = 1;
				GENERATE_INFOPLIST_FILE = YES;
				MARKETING_VERSION = 1.0;
				PRODUCT_BUNDLE_IDENTIFIER = com.github.pithmediaserver.PithTVTests;
				PRODUCT_NAME = "$(TARGET_NAME)";
				SWIFT_EMIT_LOC_STRINGS = NO;
				SWIFT_VERSION = 5.0;
				TARGETED_DEVICE_FAMILY = 3;
				TEST_HOST = "$(BUILT_PRODUCTS_DIR)/PithTV.app/$(BUNDLE_EXECUTABLE_FOLDER_PATH)/PithTV";
				TVOS_DEPLOYMENT_TARGET = 16.1;
			};
			name = Release;
		};
		7F358E922914171D0099FD1A /* Debug */ = {
			isa = XCBuildConfiguration;
			baseConfigurationReference = F1F48E07C5E8DD807908E67B /* Pods-PithTV-PithTVUITests.debug.xcconfig */;
			buildSettings = {
				ALWAYS_EMBED_SWIFT_STANDARD_LIBRARIES = YES;
				CODE_SIGN_STYLE = Automatic;
				CURRENT_PROJECT_VERSION = 1;
				GENERATE_INFOPLIST_FILE = YES;
				MARKETING_VERSION = 1.0;
				PRODUCT_BUNDLE_IDENTIFIER = com.github.pithmediaserver.PithTVUITests;
				PRODUCT_NAME = "$(TARGET_NAME)";
				SWIFT_EMIT_LOC_STRINGS = NO;
				SWIFT_VERSION = 5.0;
				TARGETED_DEVICE_FAMILY = 3;
				TEST_TARGET_NAME = PithTV;
			};
			name = Debug;
		};
		7F358E932914171D0099FD1A /* Release */ = {
			isa = XCBuildConfiguration;
			baseConfigurationReference = BE836EADC798C23E499A9B8E /* Pods-PithTV-PithTVUITests.release.xcconfig */;
			buildSettings = {
				ALWAYS_EMBED_SWIFT_STANDARD_LIBRARIES = YES;
				CODE_SIGN_STYLE = Automatic;
				CURRENT_PROJECT_VERSION = 1;
				GENERATE_INFOPLIST_FILE = YES;
				MARKETING_VERSION = 1.0;
				PRODUCT_BUNDLE_IDENTIFIER = com.github.pithmediaserver.PithTVUITests;
				PRODUCT_NAME = "$(TARGET_NAME)";
				SWIFT_EMIT_LOC_STRINGS = NO;
				SWIFT_VERSION = 5.0;
				TARGETED_DEVICE_FAMILY = 3;
				TEST_TARGET_NAME = PithTV;
			};
			name = Release;
		};
/* End XCBuildConfiguration section */

/* Begin XCConfigurationList section */
		7F358E622914171B0099FD1A /* Build configuration list for PBXProject "PithTV" */ = {
			isa = XCConfigurationList;
			buildConfigurations = (
				7F358E892914171D0099FD1A /* Debug */,
				7F358E8A2914171D0099FD1A /* Release */,
			);
			defaultConfigurationIsVisible = 0;
			defaultConfigurationName = Release;
		};
		7F358E8B2914171D0099FD1A /* Build configuration list for PBXNativeTarget "PithTV" */ = {
			isa = XCConfigurationList;
			buildConfigurations = (
				7F358E8C2914171D0099FD1A /* Debug */,
				7F358E8D2914171D0099FD1A /* Release */,
			);
			defaultConfigurationIsVisible = 0;
			defaultConfigurationName = Release;
		};
		7F358E8E2914171D0099FD1A /* Build configuration list for PBXNativeTarget "PithTVTests" */ = {
			isa = XCConfigurationList;
			buildConfigurations = (
				7F358E8F2914171D0099FD1A /* Debug */,
				7F358E902914171D0099FD1A /* Release */,
			);
			defaultConfigurationIsVisible = 0;
			defaultConfigurationName = Release;
		};
		7F358E912914171D0099FD1A /* Build configuration list for PBXNativeTarget "PithTVUITests" */ = {
			isa = XCConfigurationList;
			buildConfigurations = (
				7F358E922914171D0099FD1A /* Debug */,
				7F358E932914171D0099FD1A /* Release */,
			);
			defaultConfigurationIsVisible = 0;
			defaultConfigurationName = Release;
		};
/* End XCConfigurationList section */
	};
	rootObject = 7F358E5F2914171B0099FD1A /* Project object */;
}
